
Microsoft Visual Studio Solution File, Format Version 12.00
# Visual Studio Version 16
VisualStudioVersion = 16.0.31105.61
MinimumVisualStudioVersion = 10.0.40219.1
Project("{FAE04EC0-301F-11D3-BF4B-00C04F79EFBC}") = "Inclass10", "Inclass10.csproj", "{B3B2162B-4783-4A3A-B5A3-FC76F8F55B44}"
EndProject
Global
	GlobalSection(SolutionConfigurationPlatforms) = preSolution
		Debug|Any CPU = Debug|Any CPU
		Release|Any CPU = Release|Any CPU
	EndGlobalSection
	GlobalSection(ProjectConfigurationPlatforms) = postSolution
		{B3B2162B-4783-4A3A-B5A3-FC76F8F55B44}.Debug|Any CPU.ActiveCfg = Debug|Any CPU
		{B3B2162B-4783-4A3A-B5A3-FC76F8F55B44}.Debug|Any CPU.Build.0 = Debug|Any CPU
		{B3B2162B-4783-4A3A-B5A3-FC76F8F55B44}.Release|Any CPU.ActiveCfg = Release|Any CPU
		{B3B2162B-4783-4A3A-B5A3-FC76F8F55B44}.Release|Any CPU.Build.0 = Release|Any CPU
	EndGlobalSection
	GlobalSection(SolutionProperties) = preSolution
		HideSolutionNode = FALSE
	EndGlobalSection
	GlobalSection(ExtensibilityGlobals) = postSolution
		SolutionGuid = {2DDF2875-EFE7-4190-BAB1-923FCEBC5E88}
	EndGlobalSection
EndGlobal
